// !$*UTF8*$!
{
	archiveVersion = 1;
	classes = {
	};
	objectVersion = 54;
	objects = {

/* Begin PBXBuildFile section */
		FA01DECD282021A7007775AA /* PageViewControllerRouter.swift in Sources */ = {isa = PBXBuildFile; fileRef = FA01DECC282021A7007775AA /* PageViewControllerRouter.swift */; };
		FA01DECF28202373007775AA /* PageViewControllerPresenter.swift in Sources */ = {isa = PBXBuildFile; fileRef = FA01DECE28202373007775AA /* PageViewControllerPresenter.swift */; };
		FA01DED1282025E2007775AA /* PageViewControllerAssembly.swift in Sources */ = {isa = PBXBuildFile; fileRef = FA01DED0282025E2007775AA /* PageViewControllerAssembly.swift */; };
		FA01DED328202BD5007775AA /* WelcomeRouter.swift in Sources */ = {isa = PBXBuildFile; fileRef = FA01DED228202BD5007775AA /* WelcomeRouter.swift */; };
		FA01DED528202E5C007775AA /* WelcomePresenter.swift in Sources */ = {isa = PBXBuildFile; fileRef = FA01DED428202E5C007775AA /* WelcomePresenter.swift */; };
		FA020B74281EC6D700048370 /* String+Extension.swift in Sources */ = {isa = PBXBuildFile; fileRef = FA020B73281EC6D700048370 /* String+Extension.swift */; };
		FA0DA80128420DE300D1C6A0 /* GameTableAdapter.swift in Sources */ = {isa = PBXBuildFile; fileRef = FA0DA80028420DE300D1C6A0 /* GameTableAdapter.swift */; };
		FA0DA806284225F500D1C6A0 /* GameFieldTableViewCell.swift in Sources */ = {isa = PBXBuildFile; fileRef = FA0DA805284225F500D1C6A0 /* GameFieldTableViewCell.swift */; };
		FA14467C26ABE3B700EDC0B7 /* SplashView.swift in Sources */ = {isa = PBXBuildFile; fileRef = FA14467B26ABE3B700EDC0B7 /* SplashView.swift */; };
		FA14468F26ABEABB00EDC0B7 /* WelcomeView.swift in Sources */ = {isa = PBXBuildFile; fileRef = FA14468E26ABEABB00EDC0B7 /* WelcomeView.swift */; };
		FA1446B326AC029C00EDC0B7 /* ChooseSignView.swift in Sources */ = {isa = PBXBuildFile; fileRef = FA1446B226AC029B00EDC0B7 /* ChooseSignView.swift */; };
		FA179E4428154BF500546589 /* StackViewFactory.swift in Sources */ = {isa = PBXBuildFile; fileRef = FA179E4328154BF500546589 /* StackViewFactory.swift */; };
		FA17F6EA2607B5DC007BB51B /* ChooseSignScreenViewController.swift in Sources */ = {isa = PBXBuildFile; fileRef = FA17F6E92607B5DC007BB51B /* ChooseSignScreenViewController.swift */; };
		FA2503302824342B00789739 /* EmptyView.swift in Sources */ = {isa = PBXBuildFile; fileRef = FA25032F2824342B00789739 /* EmptyView.swift */; };
		FA2503332824370400789739 /* NavigationController.swift in Sources */ = {isa = PBXBuildFile; fileRef = FA2503322824370400789739 /* NavigationController.swift */; };
		FA386A57282107E80096B0C5 /* PageContentViewController.swift in Sources */ = {isa = PBXBuildFile; fileRef = FA386A56282107E80096B0C5 /* PageContentViewController.swift */; };
		FA386A59282108A80096B0C5 /* PageViewController.swift in Sources */ = {isa = PBXBuildFile; fileRef = FA386A58282108A80096B0C5 /* PageViewController.swift */; };
		FA3B66B0267D9F42003BADA9 /* TabBarViewController.swift in Sources */ = {isa = PBXBuildFile; fileRef = FA3B66AF267D9F42003BADA9 /* TabBarViewController.swift */; };
		FA3B66B8267DAEA9003BADA9 /* UILabel+Extension.swift in Sources */ = {isa = PBXBuildFile; fileRef = FA3B66B7267DAEA9003BADA9 /* UILabel+Extension.swift */; };
		FA3B66BD267DAFAF003BADA9 /* PlayerSignButton.swift in Sources */ = {isa = PBXBuildFile; fileRef = FA3B66BC267DAFAF003BADA9 /* PlayerSignButton.swift */; };
		FA3B66C5267DC0EA003BADA9 /* UIFont+Extension.swift in Sources */ = {isa = PBXBuildFile; fileRef = FA3B66C4267DC0EA003BADA9 /* UIFont+Extension.swift */; };
		FA3B792D2818659300A26BE5 /* SplashAssembly.swift in Sources */ = {isa = PBXBuildFile; fileRef = FA3B792C2818659300A26BE5 /* SplashAssembly.swift */; };
		FA3B792F281866B900A26BE5 /* SplashRouter.swift in Sources */ = {isa = PBXBuildFile; fileRef = FA3B792E281866B900A26BE5 /* SplashRouter.swift */; };
		FA3B7931281867AE00A26BE5 /* WelcomeAssembly.swift in Sources */ = {isa = PBXBuildFile; fileRef = FA3B7930281867AE00A26BE5 /* WelcomeAssembly.swift */; };
		FA3B7933281868CA00A26BE5 /* SplashPresenter.swift in Sources */ = {isa = PBXBuildFile; fileRef = FA3B7932281868CA00A26BE5 /* SplashPresenter.swift */; };
		FA3CDBE028369F2A00AB98CE /* GameAssembly.swift in Sources */ = {isa = PBXBuildFile; fileRef = FA3CDBDF28369F2A00AB98CE /* GameAssembly.swift */; };
		FA3CDBE228369F8F00AB98CE /* GameRouter.swift in Sources */ = {isa = PBXBuildFile; fileRef = FA3CDBE128369F8F00AB98CE /* GameRouter.swift */; };
		FA3CDBE428369FC800AB98CE /* GamePresenter.swift in Sources */ = {isa = PBXBuildFile; fileRef = FA3CDBE328369FC800AB98CE /* GamePresenter.swift */; };
		FA48EA2925ED628100BC2ED1 /* AppDelegate.swift in Sources */ = {isa = PBXBuildFile; fileRef = FA48EA2825ED628100BC2ED1 /* AppDelegate.swift */; };
		FA48EA2B25ED628100BC2ED1 /* SceneDelegate.swift in Sources */ = {isa = PBXBuildFile; fileRef = FA48EA2A25ED628100BC2ED1 /* SceneDelegate.swift */; };
		FA48EA3325ED628100BC2ED1 /* Mathematical_Determinant_App.xcdatamodeld in Sources */ = {isa = PBXBuildFile; fileRef = FA48EA3125ED628100BC2ED1 /* Mathematical_Determinant_App.xcdatamodeld */; };
		FA48EA3525ED628400BC2ED1 /* Assets.xcassets in Resources */ = {isa = PBXBuildFile; fileRef = FA48EA3425ED628400BC2ED1 /* Assets.xcassets */; };
		FA48EA3825ED628400BC2ED1 /* LaunchScreen.storyboard in Resources */ = {isa = PBXBuildFile; fileRef = FA48EA3625ED628400BC2ED1 /* LaunchScreen.storyboard */; };
		FA48EA4325ED628400BC2ED1 /* Mathematical_Determinant_AppTests.swift in Sources */ = {isa = PBXBuildFile; fileRef = FA48EA4225ED628400BC2ED1 /* Mathematical_Determinant_AppTests.swift */; };
		FA48EA4E25ED628400BC2ED1 /* Mathematical_Determinant_AppUITests.swift in Sources */ = {isa = PBXBuildFile; fileRef = FA48EA4D25ED628400BC2ED1 /* Mathematical_Determinant_AppUITests.swift */; };
		FA4CF14F2825917E0061C5F2 /* InfoRouter.swift in Sources */ = {isa = PBXBuildFile; fileRef = FA4CF14E2825917E0061C5F2 /* InfoRouter.swift */; };
		FA4CF151282591E30061C5F2 /* InfoAssembly.swift in Sources */ = {isa = PBXBuildFile; fileRef = FA4CF150282591E30061C5F2 /* InfoAssembly.swift */; };
		FA4CF153282592A70061C5F2 /* InfoView.swift in Sources */ = {isa = PBXBuildFile; fileRef = FA4CF152282592A70061C5F2 /* InfoView.swift */; };
		FA4CF155282595C70061C5F2 /* UITableView+Extension.swift in Sources */ = {isa = PBXBuildFile; fileRef = FA4CF154282595C70061C5F2 /* UITableView+Extension.swift */; };
		FA4CF157282597B40061C5F2 /* InfoTableAdapter.swift in Sources */ = {isa = PBXBuildFile; fileRef = FA4CF156282597B40061C5F2 /* InfoTableAdapter.swift */; };
		FA4CF15A282598A30061C5F2 /* PreparableViewModel.swift in Sources */ = {isa = PBXBuildFile; fileRef = FA4CF159282598A30061C5F2 /* PreparableViewModel.swift */; };
		FA4CF15C282599ED0061C5F2 /* Preparable.swift in Sources */ = {isa = PBXBuildFile; fileRef = FA4CF15B282599ED0061C5F2 /* Preparable.swift */; };
		FA4CF15F28259CB00061C5F2 /* InfoModels.swift in Sources */ = {isa = PBXBuildFile; fileRef = FA4CF15E28259CB00061C5F2 /* InfoModels.swift */; };
		FA4CF16128259E510061C5F2 /* PreparableTableCell.swift in Sources */ = {isa = PBXBuildFile; fileRef = FA4CF16028259E510061C5F2 /* PreparableTableCell.swift */; };
		FA4CF16428259EAF0061C5F2 /* PhotoTableViewCell.swift in Sources */ = {isa = PBXBuildFile; fileRef = FA4CF16328259EAF0061C5F2 /* PhotoTableViewCell.swift */; };
		FA55A64528258C6300207123 /* InfoScreenViewController.swift in Sources */ = {isa = PBXBuildFile; fileRef = FA55A64428258C6300207123 /* InfoScreenViewController.swift */; };
		FA55A64728258D9100207123 /* InfoPresenter.swift in Sources */ = {isa = PBXBuildFile; fileRef = FA55A64628258D9100207123 /* InfoPresenter.swift */; };
		FA5CB5CA25F0E80C00197F11 /* GameFieldView.swift in Sources */ = {isa = PBXBuildFile; fileRef = FA5CB5C925F0E80C00197F11 /* GameFieldView.swift */; };
		FA5CB5CF25F0F28500197F11 /* GameScreenViewController.swift in Sources */ = {isa = PBXBuildFile; fileRef = FA5CB5CE25F0F28500197F11 /* GameScreenViewController.swift */; };
		FA5E8A8026AC56CA00203862 /* GameView.swift in Sources */ = {isa = PBXBuildFile; fileRef = FA5E8A7F26AC56CA00203862 /* GameView.swift */; };
		FA62B043282A916900342F18 /* ChooseSignPresenter.swift in Sources */ = {isa = PBXBuildFile; fileRef = FA62B042282A916900342F18 /* ChooseSignPresenter.swift */; };
		FA62B045282A924700342F18 /* ChooseSignRouter.swift in Sources */ = {isa = PBXBuildFile; fileRef = FA62B044282A924700342F18 /* ChooseSignRouter.swift */; };
		FA62B047282A932C00342F18 /* ChooseSignAssembly.swift in Sources */ = {isa = PBXBuildFile; fileRef = FA62B046282A932C00342F18 /* ChooseSignAssembly.swift */; };
		FA6965C7267CC39B009D32D5 /* AppConstants.swift in Sources */ = {isa = PBXBuildFile; fileRef = FA6965C6267CC39B009D32D5 /* AppConstants.swift */; };
		FA6965D0267CC4D4009D32D5 /* LogoImageView.swift in Sources */ = {isa = PBXBuildFile; fileRef = FA6965CF267CC4D4009D32D5 /* LogoImageView.swift */; };
		FA6965D8267CC57F009D32D5 /* CircleView.swift in Sources */ = {isa = PBXBuildFile; fileRef = FA6965D7267CC57F009D32D5 /* CircleView.swift */; };
		FA6965DD267CC5DC009D32D5 /* StackView.swift in Sources */ = {isa = PBXBuildFile; fileRef = FA6965DC267CC5DC009D32D5 /* StackView.swift */; };
		FA6965E9267CD10D009D32D5 /* AppButton.swift in Sources */ = {isa = PBXBuildFile; fileRef = FA6965E8267CD10D009D32D5 /* AppButton.swift */; };
		FA6965EE267CD584009D32D5 /* AppLabel.swift in Sources */ = {isa = PBXBuildFile; fileRef = FA6965ED267CD584009D32D5 /* AppLabel.swift */; };
		FA696620267CE42E009D32D5 /* PageTextView.swift in Sources */ = {isa = PBXBuildFile; fileRef = FA69661F267CE42E009D32D5 /* PageTextView.swift */; };
		FA69662D267CE6D8009D32D5 /* UIViewController+Extension.swift in Sources */ = {isa = PBXBuildFile; fileRef = FA69662C267CE6D8009D32D5 /* UIViewController+Extension.swift */; };
		FA72ADF125FE3BEC0053FF21 /* WelcomeScreenViewController.swift in Sources */ = {isa = PBXBuildFile; fileRef = FA72ADF025FE3BEC0053FF21 /* WelcomeScreenViewController.swift */; };
		FA72ADFF25FE57890053FF21 /* UIImageView+Animation.swift in Sources */ = {isa = PBXBuildFile; fileRef = FA72ADFE25FE57890053FF21 /* UIImageView+Animation.swift */; };
		FA75330828291D540086F163 /* ResultsScreenViewController.swift in Sources */ = {isa = PBXBuildFile; fileRef = FA75330728291D540086F163 /* ResultsScreenViewController.swift */; };
		FA75330A28291F690086F163 /* ResultsView.swift in Sources */ = {isa = PBXBuildFile; fileRef = FA75330928291F690086F163 /* ResultsView.swift */; };
		FA75330C282920360086F163 /* ResultsTableAdapter.swift in Sources */ = {isa = PBXBuildFile; fileRef = FA75330B282920360086F163 /* ResultsTableAdapter.swift */; };
		FA75330E2829221A0086F163 /* ResultsPresenter.swift in Sources */ = {isa = PBXBuildFile; fileRef = FA75330D2829221A0086F163 /* ResultsPresenter.swift */; };
		FA753311282922B30086F163 /* ResultsModels.swift in Sources */ = {isa = PBXBuildFile; fileRef = FA753310282922B30086F163 /* ResultsModels.swift */; };
		FA7533132829233B0086F163 /* ResultsRouter.swift in Sources */ = {isa = PBXBuildFile; fileRef = FA7533122829233B0086F163 /* ResultsRouter.swift */; };
		FA753315282923F10086F163 /* ResultsAssembly.swift in Sources */ = {isa = PBXBuildFile; fileRef = FA753314282923F10086F163 /* ResultsAssembly.swift */; };
		FA753317282924BC0086F163 /* ResultsTableViewCell.swift in Sources */ = {isa = PBXBuildFile; fileRef = FA753316282924BC0086F163 /* ResultsTableViewCell.swift */; };
		FA75331928292D3F0086F163 /* Date+Extension.swift in Sources */ = {isa = PBXBuildFile; fileRef = FA75331828292D3F0086F163 /* Date+Extension.swift */; };
		FA75331B282934410086F163 /* LabelFactory.swift in Sources */ = {isa = PBXBuildFile; fileRef = FA75331A282934410086F163 /* LabelFactory.swift */; };
		FA75B0F72604DEA0007FC2E1 /* UIView+Extension.swift in Sources */ = {isa = PBXBuildFile; fileRef = FA75B0F62604DE9F007FC2E1 /* UIView+Extension.swift */; };
		FA7A899A25F528C9002FD2F7 /* NumpadView.swift in Sources */ = {isa = PBXBuildFile; fileRef = FA7A899925F528C9002FD2F7 /* NumpadView.swift */; };
		FA7A89A025F54D6C002FD2F7 /* UIButton+Animation.swift in Sources */ = {isa = PBXBuildFile; fileRef = FA7A899F25F54D6C002FD2F7 /* UIButton+Animation.swift */; };
		FA7A96752620AE22008813F2 /* Localizable.strings in Resources */ = {isa = PBXBuildFile; fileRef = FA7A96732620AE22008813F2 /* Localizable.strings */; };
		FAA653C6282C297A00860371 /* LoadableAlertController.swift in Sources */ = {isa = PBXBuildFile; fileRef = FAA653C5282C297A00860371 /* LoadableAlertController.swift */; };
		FAAB86E62825AF6200D4BFE5 /* TextTableViewCell.swift in Sources */ = {isa = PBXBuildFile; fileRef = FAAB86E52825AF6200D4BFE5 /* TextTableViewCell.swift */; };
		FAB1F9B62F77C517004D729A /* SnapKit in Frameworks */ = {isa = PBXBuildFile; productRef = FAB1F9B52F77C517004D729A /* SnapKit */; };
		FABD96F12826376C00D15AC1 /* ButtonTableViewCell.swift in Sources */ = {isa = PBXBuildFile; fileRef = FABD96F02826376C00D15AC1 /* ButtonTableViewCell.swift */; };
		FABD96F328263B3600D15AC1 /* Array+Extension.swift in Sources */ = {isa = PBXBuildFile; fileRef = FABD96F228263B3600D15AC1 /* Array+Extension.swift */; };
		FABE3022281D9C5700294F58 /* TabBarAssembler.swift in Sources */ = {isa = PBXBuildFile; fileRef = FABE3021281D9C5700294F58 /* TabBarAssembler.swift */; };
		FAD32FA0267E071700837AD4 /* DeterminantTextField.swift in Sources */ = {isa = PBXBuildFile; fileRef = FAD32F9F267E071700837AD4 /* DeterminantTextField.swift */; };
		FAF8F2AF26205A800085776E /* SplashViewController.swift in Sources */ = {isa = PBXBuildFile; fileRef = FAF8F2AE26205A800085776E /* SplashViewController.swift */; };
/* End PBXBuildFile section */

/* Begin PBXContainerItemProxy section */
		FA48EA3F25ED628400BC2ED1 /* PBXContainerItemProxy */ = {
			isa = PBXContainerItemProxy;
			containerPortal = FA48EA1D25ED628100BC2ED1 /* Project object */;
			proxyType = 1;
			remoteGlobalIDString = FA48EA2425ED628100BC2ED1;
			remoteInfo = "Mathematical Determinant App";
		};
		FA48EA4A25ED628400BC2ED1 /* PBXContainerItemProxy */ = {
			isa = PBXContainerItemProxy;
			containerPortal = FA48EA1D25ED628100BC2ED1 /* Project object */;
			proxyType = 1;
			remoteGlobalIDString = FA48EA2425ED628100BC2ED1;
			remoteInfo = "Mathematical Determinant App";
		};
/* End PBXContainerItemProxy section */

/* Begin PBXFileReference section */
		FA01DECC282021A7007775AA /* PageViewControllerRouter.swift */ = {isa = PBXFileReference; lastKnownFileType = sourcecode.swift; path = PageViewControllerRouter.swift; sourceTree = "<group>"; };
		FA01DECE28202373007775AA /* PageViewControllerPresenter.swift */ = {isa = PBXFileReference; lastKnownFileType = sourcecode.swift; path = PageViewControllerPresenter.swift; sourceTree = "<group>"; };
		FA01DED0282025E2007775AA /* PageViewControllerAssembly.swift */ = {isa = PBXFileReference; lastKnownFileType = sourcecode.swift; path = PageViewControllerAssembly.swift; sourceTree = "<group>"; };
		FA01DED228202BD5007775AA /* WelcomeRouter.swift */ = {isa = PBXFileReference; lastKnownFileType = sourcecode.swift; path = WelcomeRouter.swift; sourceTree = "<group>"; };
		FA01DED428202E5C007775AA /* WelcomePresenter.swift */ = {isa = PBXFileReference; lastKnownFileType = sourcecode.swift; path = WelcomePresenter.swift; sourceTree = "<group>"; };
		FA020B73281EC6D700048370 /* String+Extension.swift */ = {isa = PBXFileReference; lastKnownFileType = sourcecode.swift; path = "String+Extension.swift"; sourceTree = "<group>"; };
		FA0DA80028420DE300D1C6A0 /* GameTableAdapter.swift */ = {isa = PBXFileReference; lastKnownFileType = sourcecode.swift; path = GameTableAdapter.swift; sourceTree = "<group>"; };
		FA0DA805284225F500D1C6A0 /* GameFieldTableViewCell.swift */ = {isa = PBXFileReference; lastKnownFileType = sourcecode.swift; path = GameFieldTableViewCell.swift; sourceTree = "<group>"; };
		FA14467B26ABE3B700EDC0B7 /* SplashView.swift */ = {isa = PBXFileReference; lastKnownFileType = sourcecode.swift; path = SplashView.swift; sourceTree = "<group>"; };
		FA14468E26ABEABB00EDC0B7 /* WelcomeView.swift */ = {isa = PBXFileReference; lastKnownFileType = sourcecode.swift; path = WelcomeView.swift; sourceTree = "<group>"; };
		FA1446B226AC029B00EDC0B7 /* ChooseSignView.swift */ = {isa = PBXFileReference; lastKnownFileType = sourcecode.swift; path = ChooseSignView.swift; sourceTree = "<group>"; };
		FA1454992827EC8400A54D98 /* en */ = {isa = PBXFileReference; lastKnownFileType = text.plist.strings; name = en; path = ../View/en.lproj/Localizable.strings; sourceTree = "<group>"; };
		FA179E4328154BF500546589 /* StackViewFactory.swift */ = {isa = PBXFileReference; lastKnownFileType = sourcecode.swift; path = StackViewFactory.swift; sourceTree = "<group>"; };
		FA17F6E92607B5DC007BB51B /* ChooseSignScreenViewController.swift */ = {isa = PBXFileReference; lastKnownFileType = sourcecode.swift; path = ChooseSignScreenViewController.swift; sourceTree = "<group>"; };
		FA25032F2824342B00789739 /* EmptyView.swift */ = {isa = PBXFileReference; lastKnownFileType = sourcecode.swift; path = EmptyView.swift; sourceTree = "<group>"; };
		FA2503322824370400789739 /* NavigationController.swift */ = {isa = PBXFileReference; lastKnownFileType = sourcecode.swift; path = NavigationController.swift; sourceTree = "<group>"; };
		FA386A56282107E80096B0C5 /* PageContentViewController.swift */ = {isa = PBXFileReference; lastKnownFileType = sourcecode.swift; path = PageContentViewController.swift; sourceTree = "<group>"; };
		FA386A58282108A80096B0C5 /* PageViewController.swift */ = {isa = PBXFileReference; lastKnownFileType = sourcecode.swift; path = PageViewController.swift; sourceTree = "<group>"; };
		FA3B66AF267D9F42003BADA9 /* TabBarViewController.swift */ = {isa = PBXFileReference; lastKnownFileType = sourcecode.swift; path = TabBarViewController.swift; sourceTree = "<group>"; };
		FA3B66B7267DAEA9003BADA9 /* UILabel+Extension.swift */ = {isa = PBXFileReference; lastKnownFileType = sourcecode.swift; path = "UILabel+Extension.swift"; sourceTree = "<group>"; };
		FA3B66BC267DAFAF003BADA9 /* PlayerSignButton.swift */ = {isa = PBXFileReference; lastKnownFileType = sourcecode.swift; path = PlayerSignButton.swift; sourceTree = "<group>"; };
		FA3B66C4267DC0EA003BADA9 /* UIFont+Extension.swift */ = {isa = PBXFileReference; lastKnownFileType = sourcecode.swift; path = "UIFont+Extension.swift"; sourceTree = "<group>"; };
		FA3B792C2818659300A26BE5 /* SplashAssembly.swift */ = {isa = PBXFileReference; lastKnownFileType = sourcecode.swift; path = SplashAssembly.swift; sourceTree = "<group>"; };
		FA3B792E281866B900A26BE5 /* SplashRouter.swift */ = {isa = PBXFileReference; lastKnownFileType = sourcecode.swift; path = SplashRouter.swift; sourceTree = "<group>"; };
		FA3B7930281867AE00A26BE5 /* WelcomeAssembly.swift */ = {isa = PBXFileReference; lastKnownFileType = sourcecode.swift; path = WelcomeAssembly.swift; sourceTree = "<group>"; };
		FA3B7932281868CA00A26BE5 /* SplashPresenter.swift */ = {isa = PBXFileReference; lastKnownFileType = sourcecode.swift; path = SplashPresenter.swift; sourceTree = "<group>"; };
		FA3CDBDF28369F2A00AB98CE /* GameAssembly.swift */ = {isa = PBXFileReference; lastKnownFileType = sourcecode.swift; path = GameAssembly.swift; sourceTree = "<group>"; };
		FA3CDBE128369F8F00AB98CE /* GameRouter.swift */ = {isa = PBXFileReference; lastKnownFileType = sourcecode.swift; path = GameRouter.swift; sourceTree = "<group>"; };
		FA3CDBE328369FC800AB98CE /* GamePresenter.swift */ = {isa = PBXFileReference; lastKnownFileType = sourcecode.swift; path = GamePresenter.swift; sourceTree = "<group>"; };
		FA48EA2525ED628100BC2ED1 /* Determinant.app */ = {isa = PBXFileReference; explicitFileType = wrapper.application; includeInIndex = 0; path = Determinant.app; sourceTree = BUILT_PRODUCTS_DIR; };
		FA48EA2825ED628100BC2ED1 /* AppDelegate.swift */ = {isa = PBXFileReference; lastKnownFileType = sourcecode.swift; path = AppDelegate.swift; sourceTree = "<group>"; };
		FA48EA2A25ED628100BC2ED1 /* SceneDelegate.swift */ = {isa = PBXFileReference; lastKnownFileType = sourcecode.swift; path = SceneDelegate.swift; sourceTree = "<group>"; };
		FA48EA3225ED628100BC2ED1 /* Mathematical_Determinant_App.xcdatamodel */ = {isa = PBXFileReference; lastKnownFileType = wrapper.xcdatamodel; path = Mathematical_Determinant_App.xcdatamodel; sourceTree = "<group>"; };
		FA48EA3425ED628400BC2ED1 /* Assets.xcassets */ = {isa = PBXFileReference; lastKnownFileType = folder.assetcatalog; path = Assets.xcassets; sourceTree = "<group>"; };
		FA48EA3725ED628400BC2ED1 /* Base */ = {isa = PBXFileReference; lastKnownFileType = file.storyboard; name = Base; path = Base.lproj/LaunchScreen.storyboard; sourceTree = "<group>"; };
		FA48EA3925ED628400BC2ED1 /* Info.plist */ = {isa = PBXFileReference; lastKnownFileType = text.plist.xml; path = Info.plist; sourceTree = "<group>"; };
		FA48EA3E25ED628400BC2ED1 /* DeterminantTests.xctest */ = {isa = PBXFileReference; explicitFileType = wrapper.cfbundle; includeInIndex = 0; path = DeterminantTests.xctest; sourceTree = BUILT_PRODUCTS_DIR; };
		FA48EA4225ED628400BC2ED1 /* Mathematical_Determinant_AppTests.swift */ = {isa = PBXFileReference; lastKnownFileType = sourcecode.swift; path = Mathematical_Determinant_AppTests.swift; sourceTree = "<group>"; };
		FA48EA4425ED628400BC2ED1 /* Info.plist */ = {isa = PBXFileReference; lastKnownFileType = text.plist.xml; path = Info.plist; sourceTree = "<group>"; };
		FA48EA4925ED628400BC2ED1 /* DeterminantUITests.xctest */ = {isa = PBXFileReference; explicitFileType = wrapper.cfbundle; includeInIndex = 0; path = DeterminantUITests.xctest; sourceTree = BUILT_PRODUCTS_DIR; };
		FA48EA4D25ED628400BC2ED1 /* Mathematical_Determinant_AppUITests.swift */ = {isa = PBXFileReference; lastKnownFileType = sourcecode.swift; path = Mathematical_Determinant_AppUITests.swift; sourceTree = "<group>"; };
		FA48EA4F25ED628400BC2ED1 /* Info.plist */ = {isa = PBXFileReference; lastKnownFileType = text.plist.xml; path = Info.plist; sourceTree = "<group>"; };
		FA4CF14E2825917E0061C5F2 /* InfoRouter.swift */ = {isa = PBXFileReference; lastKnownFileType = sourcecode.swift; path = InfoRouter.swift; sourceTree = "<group>"; };
		FA4CF150282591E30061C5F2 /* InfoAssembly.swift */ = {isa = PBXFileReference; lastKnownFileType = sourcecode.swift; path = InfoAssembly.swift; sourceTree = "<group>"; };
		FA4CF152282592A70061C5F2 /* InfoView.swift */ = {isa = PBXFileReference; lastKnownFileType = sourcecode.swift; path = InfoView.swift; sourceTree = "<group>"; };
		FA4CF154282595C70061C5F2 /* UITableView+Extension.swift */ = {isa = PBXFileReference; lastKnownFileType = sourcecode.swift; path = "UITableView+Extension.swift"; sourceTree = "<group>"; };
		FA4CF156282597B40061C5F2 /* InfoTableAdapter.swift */ = {isa = PBXFileReference; lastKnownFileType = sourcecode.swift; path = InfoTableAdapter.swift; sourceTree = "<group>"; };
		FA4CF159282598A30061C5F2 /* PreparableViewModel.swift */ = {isa = PBXFileReference; lastKnownFileType = sourcecode.swift; path = PreparableViewModel.swift; sourceTree = "<group>"; };
		FA4CF15B282599ED0061C5F2 /* Preparable.swift */ = {isa = PBXFileReference; lastKnownFileType = sourcecode.swift; path = Preparable.swift; sourceTree = "<group>"; };
		FA4CF15E28259CB00061C5F2 /* InfoModels.swift */ = {isa = PBXFileReference; lastKnownFileType = sourcecode.swift; path = InfoModels.swift; sourceTree = "<group>"; };
		FA4CF16028259E510061C5F2 /* PreparableTableCell.swift */ = {isa = PBXFileReference; lastKnownFileType = sourcecode.swift; path = PreparableTableCell.swift; sourceTree = "<group>"; };
		FA4CF16328259EAF0061C5F2 /* PhotoTableViewCell.swift */ = {isa = PBXFileReference; lastKnownFileType = sourcecode.swift; path = PhotoTableViewCell.swift; sourceTree = "<group>"; };
		FA55A64428258C6300207123 /* InfoScreenViewController.swift */ = {isa = PBXFileReference; lastKnownFileType = sourcecode.swift; path = InfoScreenViewController.swift; sourceTree = "<group>"; };
		FA55A64628258D9100207123 /* InfoPresenter.swift */ = {isa = PBXFileReference; lastKnownFileType = sourcecode.swift; path = InfoPresenter.swift; sourceTree = "<group>"; };
		FA5CB5C925F0E80C00197F11 /* GameFieldView.swift */ = {isa = PBXFileReference; lastKnownFileType = sourcecode.swift; path = GameFieldView.swift; sourceTree = "<group>"; };
		FA5CB5CE25F0F28500197F11 /* GameScreenViewController.swift */ = {isa = PBXFileReference; lastKnownFileType = sourcecode.swift; path = GameScreenViewController.swift; sourceTree = "<group>"; };
		FA5E8A7F26AC56CA00203862 /* GameView.swift */ = {isa = PBXFileReference; lastKnownFileType = sourcecode.swift; path = GameView.swift; sourceTree = "<group>"; };
		FA62B042282A916900342F18 /* ChooseSignPresenter.swift */ = {isa = PBXFileReference; lastKnownFileType = sourcecode.swift; path = ChooseSignPresenter.swift; sourceTree = "<group>"; };
		FA62B044282A924700342F18 /* ChooseSignRouter.swift */ = {isa = PBXFileReference; lastKnownFileType = sourcecode.swift; path = ChooseSignRouter.swift; sourceTree = "<group>"; };
		FA62B046282A932C00342F18 /* ChooseSignAssembly.swift */ = {isa = PBXFileReference; lastKnownFileType = sourcecode.swift; path = ChooseSignAssembly.swift; sourceTree = "<group>"; };
		FA6965C6267CC39B009D32D5 /* AppConstants.swift */ = {isa = PBXFileReference; lastKnownFileType = sourcecode.swift; path = AppConstants.swift; sourceTree = "<group>"; };
		FA6965CF267CC4D4009D32D5 /* LogoImageView.swift */ = {isa = PBXFileReference; lastKnownFileType = sourcecode.swift; path = LogoImageView.swift; sourceTree = "<group>"; };
		FA6965D7267CC57F009D32D5 /* CircleView.swift */ = {isa = PBXFileReference; lastKnownFileType = sourcecode.swift; path = CircleView.swift; sourceTree = "<group>"; };
		FA6965DC267CC5DC009D32D5 /* StackView.swift */ = {isa = PBXFileReference; lastKnownFileType = sourcecode.swift; path = StackView.swift; sourceTree = "<group>"; };
		FA6965E8267CD10D009D32D5 /* AppButton.swift */ = {isa = PBXFileReference; lastKnownFileType = sourcecode.swift; path = AppButton.swift; sourceTree = "<group>"; };
		FA6965ED267CD584009D32D5 /* AppLabel.swift */ = {isa = PBXFileReference; lastKnownFileType = sourcecode.swift; path = AppLabel.swift; sourceTree = "<group>"; };
		FA69661F267CE42E009D32D5 /* PageTextView.swift */ = {isa = PBXFileReference; lastKnownFileType = sourcecode.swift; path = PageTextView.swift; sourceTree = "<group>"; };
		FA69662C267CE6D8009D32D5 /* UIViewController+Extension.swift */ = {isa = PBXFileReference; lastKnownFileType = sourcecode.swift; path = "UIViewController+Extension.swift"; sourceTree = "<group>"; };
		FA72ADF025FE3BEC0053FF21 /* WelcomeScreenViewController.swift */ = {isa = PBXFileReference; lastKnownFileType = sourcecode.swift; path = WelcomeScreenViewController.swift; sourceTree = "<group>"; };
		FA72ADFE25FE57890053FF21 /* UIImageView+Animation.swift */ = {isa = PBXFileReference; lastKnownFileType = sourcecode.swift; path = "UIImageView+Animation.swift"; sourceTree = "<group>"; };
		FA75330728291D540086F163 /* ResultsScreenViewController.swift */ = {isa = PBXFileReference; lastKnownFileType = sourcecode.swift; path = ResultsScreenViewController.swift; sourceTree = "<group>"; };
		FA75330928291F690086F163 /* ResultsView.swift */ = {isa = PBXFileReference; lastKnownFileType = sourcecode.swift; path = ResultsView.swift; sourceTree = "<group>"; };
		FA75330B282920360086F163 /* ResultsTableAdapter.swift */ = {isa = PBXFileReference; lastKnownFileType = sourcecode.swift; path = ResultsTableAdapter.swift; sourceTree = "<group>"; };
		FA75330D2829221A0086F163 /* ResultsPresenter.swift */ = {isa = PBXFileReference; lastKnownFileType = sourcecode.swift; path = ResultsPresenter.swift; sourceTree = "<group>"; };
		FA753310282922B30086F163 /* ResultsModels.swift */ = {isa = PBXFileReference; lastKnownFileType = sourcecode.swift; path = ResultsModels.swift; sourceTree = "<group>"; };
		FA7533122829233B0086F163 /* ResultsRouter.swift */ = {isa = PBXFileReference; lastKnownFileType = sourcecode.swift; path = ResultsRouter.swift; sourceTree = "<group>"; };
		FA753314282923F10086F163 /* ResultsAssembly.swift */ = {isa = PBXFileReference; lastKnownFileType = sourcecode.swift; path = ResultsAssembly.swift; sourceTree = "<group>"; };
		FA753316282924BC0086F163 /* ResultsTableViewCell.swift */ = {isa = PBXFileReference; lastKnownFileType = sourcecode.swift; path = ResultsTableViewCell.swift; sourceTree = "<group>"; };
		FA75331828292D3F0086F163 /* Date+Extension.swift */ = {isa = PBXFileReference; lastKnownFileType = sourcecode.swift; path = "Date+Extension.swift"; sourceTree = "<group>"; };
		FA75331A282934410086F163 /* LabelFactory.swift */ = {isa = PBXFileReference; lastKnownFileType = sourcecode.swift; path = LabelFactory.swift; sourceTree = "<group>"; };
		FA75B0F62604DE9F007FC2E1 /* UIView+Extension.swift */ = {isa = PBXFileReference; lastKnownFileType = sourcecode.swift; path = "UIView+Extension.swift"; sourceTree = "<group>"; };
		FA7A899925F528C9002FD2F7 /* NumpadView.swift */ = {isa = PBXFileReference; lastKnownFileType = sourcecode.swift; path = NumpadView.swift; sourceTree = "<group>"; };
		FA7A899F25F54D6C002FD2F7 /* UIButton+Animation.swift */ = {isa = PBXFileReference; lastKnownFileType = sourcecode.swift; path = "UIButton+Animation.swift"; sourceTree = "<group>"; };
		FA7A96742620AE22008813F2 /* ru */ = {isa = PBXFileReference; lastKnownFileType = text.plist.strings; name = ru; path = Determinant/View/ru.lproj/Localizable.strings; sourceTree = SOURCE_ROOT; };
		FAA653C5282C297A00860371 /* LoadableAlertController.swift */ = {isa = PBXFileReference; lastKnownFileType = sourcecode.swift; path = LoadableAlertController.swift; sourceTree = "<group>"; };
		FAAB86E52825AF6200D4BFE5 /* TextTableViewCell.swift */ = {isa = PBXFileReference; lastKnownFileType = sourcecode.swift; path = TextTableViewCell.swift; sourceTree = "<group>"; };
		FABD96F02826376C00D15AC1 /* ButtonTableViewCell.swift */ = {isa = PBXFileReference; lastKnownFileType = sourcecode.swift; path = ButtonTableViewCell.swift; sourceTree = "<group>"; };
		FABD96F228263B3600D15AC1 /* Array+Extension.swift */ = {isa = PBXFileReference; lastKnownFileType = sourcecode.swift; path = "Array+Extension.swift"; sourceTree = "<group>"; };
		FABE3021281D9C5700294F58 /* TabBarAssembler.swift */ = {isa = PBXFileReference; lastKnownFileType = sourcecode.swift; path = TabBarAssembler.swift; sourceTree = "<group>"; };
		FAD32F9F267E071700837AD4 /* DeterminantTextField.swift */ = {isa = PBXFileReference; lastKnownFileType = sourcecode.swift; path = DeterminantTextField.swift; sourceTree = "<group>"; };
		FAF8F2AE26205A800085776E /* SplashViewController.swift */ = {isa = PBXFileReference; lastKnownFileType = sourcecode.swift; path = SplashViewController.swift; sourceTree = "<group>"; };
/* End PBXFileReference section */

/* Begin PBXFrameworksBuildPhase section */
		FA48EA2225ED628100BC2ED1 /* Frameworks */ = {
			isa = PBXFrameworksBuildPhase;
			buildActionMask = 2147483647;
			files = (
				FAB1F9B62F77C517004D729A /* SnapKit in Frameworks */,
			);
			runOnlyForDeploymentPostprocessing = 0;
		};
		FA48EA3B25ED628400BC2ED1 /* Frameworks */ = {
			isa = PBXFrameworksBuildPhase;
			buildActionMask = 2147483647;
			files = (
			);
			runOnlyForDeploymentPostprocessing = 0;
		};
		FA48EA4625ED628400BC2ED1 /* Frameworks */ = {
			isa = PBXFrameworksBuildPhase;
			buildActionMask = 2147483647;
			files = (
			);
			runOnlyForDeploymentPostprocessing = 0;
		};
/* End PBXFrameworksBuildPhase section */

/* Begin PBXGroup section */
		FA14467126ABE0F100EDC0B7 /* Controller */ = {
			isa = PBXGroup;
			children = (
				FAF8F2AE26205A800085776E /* SplashViewController.swift */,
			);
			path = Controller;
			sourceTree = "<group>";
		};
		FA14467A26ABE3A200EDC0B7 /* View */ = {
			isa = PBXGroup;
			children = (
				FA14467B26ABE3B700EDC0B7 /* SplashView.swift */,
			);
			path = View;
			sourceTree = "<group>";
		};
		FA14468D26ABEA9E00EDC0B7 /* View */ = {
			isa = PBXGroup;
			children = (
				FA14468E26ABEABB00EDC0B7 /* WelcomeView.swift */,
			);
			path = View;
			sourceTree = "<group>";
		};
		FA14469626ABEE9600EDC0B7 /* Controller */ = {
			isa = PBXGroup;
			children = (
				FA386A58282108A80096B0C5 /* PageViewController.swift */,
			);
			path = Controller;
			sourceTree = "<group>";
		};
		FA1446A726ABFCFC00EDC0B7 /* Controller */ = {
			isa = PBXGroup;
			children = (
				FA17F6E92607B5DC007BB51B /* ChooseSignScreenViewController.swift */,
			);
			path = Controller;
			sourceTree = "<group>";
		};
		FA1446AB26ABFD0A00EDC0B7 /* View */ = {
			isa = PBXGroup;
			children = (
				FA1446B226AC029B00EDC0B7 /* ChooseSignView.swift */,
			);
			path = View;
			sourceTree = "<group>";
		};
		FA1446C426AC1E8400EDC0B7 /* Controller */ = {
			isa = PBXGroup;
			children = (
				FA5CB5CE25F0F28500197F11 /* GameScreenViewController.swift */,
			);
			path = Controller;
			sourceTree = "<group>";
		};
		FA1446C826AC1E8B00EDC0B7 /* View */ = {
			isa = PBXGroup;
			children = (
				FA5CB5C925F0E80C00197F11 /* GameFieldView.swift */,
				FA7A899925F528C9002FD2F7 /* NumpadView.swift */,
				FA5E8A7F26AC56CA00203862 /* GameView.swift */,
			);
			path = View;
			sourceTree = "<group>";
		};
		FA179E3D2815325300546589 /* Presentation */ = {
			isa = PBXGroup;
			children = (
				FA48EA3625ED628400BC2ED1 /* LaunchScreen.storyboard */,
				FA75330328291C980086F163 /* EmptyView */,
				FAA653C4282C295700860371 /* AlertController */,
				FAF8F2CA26205D850085776E /* SplashVC */,
				FA250331282436E800789739 /* NavigationController */,
				FA179E41281536D900546589 /* TabBar */,
				FAF8F2B726205D460085776E /* WelcomeVC */,
				FAF8F2C326205D660085776E /* PageVC */,
				FA55A64128258BEF00207123 /* Info */,
				FA75330428291D1A0086F163 /* Results */,
				FA62B048282A93C300342F18 /* ChooseSign */,
				FAF8F2B326205D3C0085776E /* GameVC */,
			);
			path = Presentation;
			sourceTree = "<group>";
		};
		FA179E3E2815328800546589 /* UIApplication */ = {
			isa = PBXGroup;
			children = (
				FA48EA2A25ED628100BC2ED1 /* SceneDelegate.swift */,
				FA48EA2825ED628100BC2ED1 /* AppDelegate.swift */,
			);
			path = UIApplication;
			sourceTree = "<group>";
		};
		FA179E41281536D900546589 /* TabBar */ = {
			isa = PBXGroup;
			children = (
				FA75331D28293BDE0086F163 /* Controllers */,
				FABE3021281D9C5700294F58 /* TabBarAssembler.swift */,
			);
			path = TabBar;
			sourceTree = "<group>";
		};
		FA179E4228154BE700546589 /* Factory */ = {
			isa = PBXGroup;
			children = (
				FA179E4328154BF500546589 /* StackViewFactory.swift */,
				FA75331A282934410086F163 /* LabelFactory.swift */,
			);
			path = Factory;
			sourceTree = "<group>";
		};
		FA250331282436E800789739 /* NavigationController */ = {
			isa = PBXGroup;
			children = (
				FA2503322824370400789739 /* NavigationController.swift */,
			);
			path = NavigationController;
			sourceTree = "<group>";
		};
		FA386A5E28211B300096B0C5 /* View */ = {
			isa = PBXGroup;
			children = (
				FA386A56282107E80096B0C5 /* PageContentViewController.swift */,
			);
			path = View;
			sourceTree = "<group>";
		};
		FA48EA1C25ED628100BC2ED1 = {
			isa = PBXGroup;
			children = (
				FA48EA2725ED628100BC2ED1 /* Determinant */,
				FA48EA4125ED628400BC2ED1 /* Mathematical Determinant AppTests */,
				FA48EA4C25ED628400BC2ED1 /* Mathematical Determinant AppUITests */,
				FA48EA2625ED628100BC2ED1 /* Products */,
			);
			sourceTree = "<group>";
		};
		FA48EA2625ED628100BC2ED1 /* Products */ = {
			isa = PBXGroup;
			children = (
				FA48EA2525ED628100BC2ED1 /* Determinant.app */,
				FA48EA3E25ED628400BC2ED1 /* DeterminantTests.xctest */,
				FA48EA4925ED628400BC2ED1 /* DeterminantUITests.xctest */,
			);
			name = Products;
			sourceTree = "<group>";
		};
		FA48EA2725ED628100BC2ED1 /* Determinant */ = {
			isa = PBXGroup;
			children = (
				FA4CF1582825988E0061C5F2 /* Base */,
				FAF8F2D4262067F70085776E /* CoreData */,
				FA179E3E2815328800546589 /* UIApplication */,
				FA6965C5267CC38A009D32D5 /* Utils */,
				FABC427225EF826400642053 /* Supporting Files */,
				FA179E3D2815325300546589 /* Presentation */,
			);
			path = Determinant;
			sourceTree = "<group>";
		};
		FA48EA4125ED628400BC2ED1 /* Mathematical Determinant AppTests */ = {
			isa = PBXGroup;
			children = (
				FA48EA4225ED628400BC2ED1 /* Mathematical_Determinant_AppTests.swift */,
				FA48EA4425ED628400BC2ED1 /* Info.plist */,
			);
			path = "Mathematical Determinant AppTests";
			sourceTree = "<group>";
		};
		FA48EA4C25ED628400BC2ED1 /* Mathematical Determinant AppUITests */ = {
			isa = PBXGroup;
			children = (
				FA48EA4D25ED628400BC2ED1 /* Mathematical_Determinant_AppUITests.swift */,
				FA48EA4F25ED628400BC2ED1 /* Info.plist */,
			);
			path = "Mathematical Determinant AppUITests";
			sourceTree = "<group>";
		};
		FA4CF1582825988E0061C5F2 /* Base */ = {
			isa = PBXGroup;
			children = (
				FA4CF159282598A30061C5F2 /* PreparableViewModel.swift */,
				FA4CF15B282599ED0061C5F2 /* Preparable.swift */,
				FA4CF16028259E510061C5F2 /* PreparableTableCell.swift */,
			);
			path = Base;
			sourceTree = "<group>";
		};
		FA4CF15D28259C380061C5F2 /* Model */ = {
			isa = PBXGroup;
			children = (
				FA4CF15E28259CB00061C5F2 /* InfoModels.swift */,
			);
			path = Model;
			sourceTree = "<group>";
		};
		FA4CF16228259E8F0061C5F2 /* Cells */ = {
			isa = PBXGroup;
			children = (
				FA4CF16328259EAF0061C5F2 /* PhotoTableViewCell.swift */,
				FAAB86E52825AF6200D4BFE5 /* TextTableViewCell.swift */,
				FABD96F02826376C00D15AC1 /* ButtonTableViewCell.swift */,
				FA0DA805284225F500D1C6A0 /* GameFieldTableViewCell.swift */,
			);
			path = Cells;
			sourceTree = "<group>";
		};
		FA55A64128258BEF00207123 /* Info */ = {
			isa = PBXGroup;
			children = (
				FA4CF15D28259C380061C5F2 /* Model */,
				FA55A64328258C0800207123 /* View */,
				FA55A64228258C0200207123 /* Controller */,
				FA55A64628258D9100207123 /* InfoPresenter.swift */,
				FA4CF14E2825917E0061C5F2 /* InfoRouter.swift */,
				FA4CF150282591E30061C5F2 /* InfoAssembly.swift */,
				FA4CF156282597B40061C5F2 /* InfoTableAdapter.swift */,
			);
			path = Info;
			sourceTree = "<group>";
		};
		FA55A64228258C0200207123 /* Controller */ = {
			isa = PBXGroup;
			children = (
				FA55A64428258C6300207123 /* InfoScreenViewController.swift */,
			);
			path = Controller;
			sourceTree = "<group>";
		};
		FA55A64328258C0800207123 /* View */ = {
			isa = PBXGroup;
			children = (
				FA4CF152282592A70061C5F2 /* InfoView.swift */,
				FA4CF16228259E8F0061C5F2 /* Cells */,
			);
			path = View;
			sourceTree = "<group>";
		};
		FA62B048282A93C300342F18 /* ChooseSign */ = {
			isa = PBXGroup;
			children = (
				FA1446AB26ABFD0A00EDC0B7 /* View */,
				FA1446A726ABFCFC00EDC0B7 /* Controller */,
				FA62B042282A916900342F18 /* ChooseSignPresenter.swift */,
				FA62B044282A924700342F18 /* ChooseSignRouter.swift */,
				FA62B046282A932C00342F18 /* ChooseSignAssembly.swift */,
			);
			path = ChooseSign;
			sourceTree = "<group>";
		};
		FA6965C5267CC38A009D32D5 /* Utils */ = {
			isa = PBXGroup;
			children = (
				FA179E4228154BE700546589 /* Factory */,
				FA75B0FB2604DFF4007FC2E1 /* Extensions */,
				FA72ADFD25FE57770053FF21 /* Animation */,
				FA6965CE267CC4C1009D32D5 /* Views */,
				FA6965E1267CC6E9009D32D5 /* Constants */,
			);
			path = Utils;
			sourceTree = "<group>";
		};
		FA6965CE267CC4C1009D32D5 /* Views */ = {
			isa = PBXGroup;
			children = (
				FA6965CF267CC4D4009D32D5 /* LogoImageView.swift */,
				FA6965D7267CC57F009D32D5 /* CircleView.swift */,
				FA6965DC267CC5DC009D32D5 /* StackView.swift */,
				FA6965E8267CD10D009D32D5 /* AppButton.swift */,
				FA6965ED267CD584009D32D5 /* AppLabel.swift */,
				FA69661F267CE42E009D32D5 /* PageTextView.swift */,
				FA3B66BC267DAFAF003BADA9 /* PlayerSignButton.swift */,
				FAD32F9F267E071700837AD4 /* DeterminantTextField.swift */,
			);
			path = Views;
			sourceTree = "<group>";
		};
		FA6965E1267CC6E9009D32D5 /* Constants */ = {
			isa = PBXGroup;
			children = (
				FA6965C6267CC39B009D32D5 /* AppConstants.swift */,
			);
			path = Constants;
			sourceTree = "<group>";
		};
		FA696612267CDB8D009D32D5 /* Controllers */ = {
			isa = PBXGroup;
			children = (
				FA72ADF025FE3BEC0053FF21 /* WelcomeScreenViewController.swift */,
			);
			path = Controllers;
			sourceTree = "<group>";
		};
		FA72ADFD25FE57770053FF21 /* Animation */ = {
			isa = PBXGroup;
			children = (
				FA72ADFE25FE57890053FF21 /* UIImageView+Animation.swift */,
				FA7A899F25F54D6C002FD2F7 /* UIButton+Animation.swift */,
			);
			path = Animation;
			sourceTree = "<group>";
		};
		FA75330328291C980086F163 /* EmptyView */ = {
			isa = PBXGroup;
			children = (
				FA25032F2824342B00789739 /* EmptyView.swift */,
			);
			path = EmptyView;
			sourceTree = "<group>";
		};
		FA75330428291D1A0086F163 /* Results */ = {
			isa = PBXGroup;
			children = (
				FA75330F282922A20086F163 /* Models */,
				FA75330628291D2C0086F163 /* View */,
				FA75330528291D270086F163 /* Controllers */,
				FA75330D2829221A0086F163 /* ResultsPresenter.swift */,
				FA7533122829233B0086F163 /* ResultsRouter.swift */,
				FA753314282923F10086F163 /* ResultsAssembly.swift */,
				FA75330B282920360086F163 /* ResultsTableAdapter.swift */,
			);
			path = Results;
			sourceTree = "<group>";
		};
		FA75330528291D270086F163 /* Controllers */ = {
			isa = PBXGroup;
			children = (
				FA75330728291D540086F163 /* ResultsScreenViewController.swift */,
			);
			path = Controllers;
			sourceTree = "<group>";
		};
		FA75330628291D2C0086F163 /* View */ = {
			isa = PBXGroup;
			children = (
				FA75330928291F690086F163 /* ResultsView.swift */,
				FA753316282924BC0086F163 /* ResultsTableViewCell.swift */,
			);
			path = View;
			sourceTree = "<group>";
		};
		FA75330F282922A20086F163 /* Models */ = {
			isa = PBXGroup;
			children = (
				FA753310282922B30086F163 /* ResultsModels.swift */,
			);
			path = Models;
			sourceTree = "<group>";
		};
		FA75331D28293BDE0086F163 /* Controllers */ = {
			isa = PBXGroup;
			children = (
				FA3B66AF267D9F42003BADA9 /* TabBarViewController.swift */,
			);
			path = Controllers;
			sourceTree = "<group>";
		};
		FA75B0FB2604DFF4007FC2E1 /* Extensions */ = {
			isa = PBXGroup;
			children = (
				FA75B0F62604DE9F007FC2E1 /* UIView+Extension.swift */,
				FA69662C267CE6D8009D32D5 /* UIViewController+Extension.swift */,
				FA3B66B7267DAEA9003BADA9 /* UILabel+Extension.swift */,
				FA3B66C4267DC0EA003BADA9 /* UIFont+Extension.swift */,
				FA020B73281EC6D700048370 /* String+Extension.swift */,
				FA4CF154282595C70061C5F2 /* UITableView+Extension.swift */,
				FABD96F228263B3600D15AC1 /* Array+Extension.swift */,
				FA75331828292D3F0086F163 /* Date+Extension.swift */,
			);
			path = Extensions;
			sourceTree = "<group>";
		};
		FAA653C4282C295700860371 /* AlertController */ = {
			isa = PBXGroup;
			children = (
				FAA653C5282C297A00860371 /* LoadableAlertController.swift */,
			);
			path = AlertController;
			sourceTree = "<group>";
		};
		FABC427225EF826400642053 /* Supporting Files */ = {
			isa = PBXGroup;
			children = (
				FA7A96732620AE22008813F2 /* Localizable.strings */,
				FA48EA3425ED628400BC2ED1 /* Assets.xcassets */,
				FA48EA3925ED628400BC2ED1 /* Info.plist */,
			);
			path = "Supporting Files";
			sourceTree = "<group>";
		};
		FAF8F2B326205D3C0085776E /* GameVC */ = {
			isa = PBXGroup;
			children = (
				FA1446C826AC1E8B00EDC0B7 /* View */,
				FA1446C426AC1E8400EDC0B7 /* Controller */,
				FA3CDBDF28369F2A00AB98CE /* GameAssembly.swift */,
				FA3CDBE128369F8F00AB98CE /* GameRouter.swift */,
				FA3CDBE328369FC800AB98CE /* GamePresenter.swift */,
				FA0DA80028420DE300D1C6A0 /* GameTableAdapter.swift */,
			);
			path = GameVC;
			sourceTree = "<group>";
		};
		FAF8F2B726205D460085776E /* WelcomeVC */ = {
			isa = PBXGroup;
			children = (
				FA14468D26ABEA9E00EDC0B7 /* View */,
				FA696612267CDB8D009D32D5 /* Controllers */,
				FA01DED428202E5C007775AA /* WelcomePresenter.swift */,
				FA3B7930281867AE00A26BE5 /* WelcomeAssembly.swift */,
				FA01DED228202BD5007775AA /* WelcomeRouter.swift */,
			);
			path = WelcomeVC;
			sourceTree = "<group>";
		};
		FAF8F2C326205D660085776E /* PageVC */ = {
			isa = PBXGroup;
			children = (
				FA386A5E28211B300096B0C5 /* View */,
				FA14469626ABEE9600EDC0B7 /* Controller */,
				FA01DECE28202373007775AA /* PageViewControllerPresenter.swift */,
				FA01DECC282021A7007775AA /* PageViewControllerRouter.swift */,
				FA01DED0282025E2007775AA /* PageViewControllerAssembly.swift */,
			);
			path = PageVC;
			sourceTree = "<group>";
		};
		FAF8F2CA26205D850085776E /* SplashVC */ = {
			isa = PBXGroup;
			children = (
				FA14467A26ABE3A200EDC0B7 /* View */,
				FA14467126ABE0F100EDC0B7 /* Controller */,
				FA3B7932281868CA00A26BE5 /* SplashPresenter.swift */,
				FA3B792C2818659300A26BE5 /* SplashAssembly.swift */,
				FA3B792E281866B900A26BE5 /* SplashRouter.swift */,
			);
			path = SplashVC;
			sourceTree = "<group>";
		};
		FAF8F2D4262067F70085776E /* CoreData */ = {
			isa = PBXGroup;
			children = (
				FA48EA3125ED628100BC2ED1 /* Mathematical_Determinant_App.xcdatamodeld */,
			);
			path = CoreData;
			sourceTree = "<group>";
		};
/* End PBXGroup section */

/* Begin PBXNativeTarget section */
		FA48EA2425ED628100BC2ED1 /* Determinant */ = {
			isa = PBXNativeTarget;
			buildConfigurationList = FA48EA5225ED628400BC2ED1 /* Build configuration list for PBXNativeTarget "Determinant" */;
			buildPhases = (
				FA48EA2125ED628100BC2ED1 /* Sources */,
				FA48EA2225ED628100BC2ED1 /* Frameworks */,
				FA48EA2325ED628100BC2ED1 /* Resources */,
			);
			buildRules = (
			);
			dependencies = (
			);
			name = Determinant;
			productName = "Mathematical Determinant App";
			productReference = FA48EA2525ED628100BC2ED1 /* Determinant.app */;
			productType = "com.apple.product-type.application";
		};
		FA48EA3D25ED628400BC2ED1 /* DeterminantTests */ = {
			isa = PBXNativeTarget;
			buildConfigurationList = FA48EA5525ED628400BC2ED1 /* Build configuration list for PBXNativeTarget "DeterminantTests" */;
			buildPhases = (
				607B5C914905A55EF9E3F52A /* [CP] Check Pods Manifest.lock */,
				FA48EA3A25ED628400BC2ED1 /* Sources */,
				FA48EA3B25ED628400BC2ED1 /* Frameworks */,
				FA48EA3C25ED628400BC2ED1 /* Resources */,
			);
			buildRules = (
			);
			dependencies = (
				FA48EA4025ED628400BC2ED1 /* PBXTargetDependency */,
			);
			name = DeterminantTests;
			productName = "Mathematical Determinant AppTests";
			productReference = FA48EA3E25ED628400BC2ED1 /* DeterminantTests.xctest */;
			productType = "com.apple.product-type.bundle.unit-test";
		};
		FA48EA4825ED628400BC2ED1 /* DeterminantUITests */ = {
			isa = PBXNativeTarget;
			buildConfigurationList = FA48EA5825ED628400BC2ED1 /* Build configuration list for PBXNativeTarget "DeterminantUITests" */;
			buildPhases = (
				35DBE50D6E7698151A0425CB /* [CP] Check Pods Manifest.lock */,
				FA48EA4525ED628400BC2ED1 /* Sources */,
				FA48EA4625ED628400BC2ED1 /* Frameworks */,
				FA48EA4725ED628400BC2ED1 /* Resources */,
				E0FF76FE165C8885C61695F2 /* [CP] Embed Pods Frameworks */,
			);
			buildRules = (
			);
			dependencies = (
				FA48EA4B25ED628400BC2ED1 /* PBXTargetDependency */,
			);
			name = DeterminantUITests;
			productName = "Mathematical Determinant AppUITests";
			productReference = FA48EA4925ED628400BC2ED1 /* DeterminantUITests.xctest */;
			productType = "com.apple.product-type.bundle.ui-testing";
		};
/* End PBXNativeTarget section */

/* Begin PBXProject section */
		FA48EA1D25ED628100BC2ED1 /* Project object */ = {
			isa = PBXProject;
			attributes = {
				LastSwiftUpdateCheck = 1230;
				LastUpgradeCheck = 1230;
				TargetAttributes = {
					FA48EA2425ED628100BC2ED1 = {
						CreatedOnToolsVersion = 12.3;
					};
					FA48EA3D25ED628400BC2ED1 = {
						CreatedOnToolsVersion = 12.3;
						TestTargetID = FA48EA2425ED628100BC2ED1;
					};
					FA48EA4825ED628400BC2ED1 = {
						CreatedOnToolsVersion = 12.3;
						TestTargetID = FA48EA2425ED628100BC2ED1;
					};
				};
			};
			buildConfigurationList = FA48EA2025ED628100BC2ED1 /* Build configuration list for PBXProject "Determinant" */;
			compatibilityVersion = "Xcode 9.3";
			developmentRegion = en;
			hasScannedForEncodings = 0;
			knownRegions = (
				en,
				Base,
				ru,
			);
			mainGroup = FA48EA1C25ED628100BC2ED1;
			packageReferences = (
				FAB1F9B42F77C517004D729A /* XCRemoteSwiftPackageReference "SnapKit" */,
			);
			productRefGroup = FA48EA2625ED628100BC2ED1 /* Products */;
			projectDirPath = "";
			projectRoot = "";
			targets = (
				FA48EA2425ED628100BC2ED1 /* Determinant */,
				FA48EA3D25ED628400BC2ED1 /* DeterminantTests */,
				FA48EA4825ED628400BC2ED1 /* DeterminantUITests */,
			);
		};
/* End PBXProject section */

/* Begin PBXResourcesBuildPhase section */
		FA48EA2325ED628100BC2ED1 /* Resources */ = {
			isa = PBXResourcesBuildPhase;
			buildActionMask = 2147483647;
			files = (
				FA48EA3825ED628400BC2ED1 /* LaunchScreen.storyboard in Resources */,
				FA7A96752620AE22008813F2 /* Localizable.strings in Resources */,
				FA48EA3525ED628400BC2ED1 /* Assets.xcassets in Resources */,
			);
			runOnlyForDeploymentPostprocessing = 0;
		};
		FA48EA3C25ED628400BC2ED1 /* Resources */ = {
			isa = PBXResourcesBuildPhase;
			buildActionMask = 2147483647;
			files = (
			);
			runOnlyForDeploymentPostprocessing = 0;
		};
		FA48EA4725ED628400BC2ED1 /* Resources */ = {
			isa = PBXResourcesBuildPhase;
			buildActionMask = 2147483647;
			files = (
			);
			runOnlyForDeploymentPostprocessing = 0;
		};
/* End PBXResourcesBuildPhase section */

/* Begin PBXShellScriptBuildPhase section */
		35DBE50D6E7698151A0425CB /* [CP] Check Pods Manifest.lock */ = {
			isa = PBXShellScriptBuildPhase;
			buildActionMask = 2147483647;
			files = (
			);
			inputFileListPaths = (
			);
			inputPaths = (
				"${PODS_PODFILE_DIR_PATH}/Podfile.lock",
				"${PODS_ROOT}/Manifest.lock",
			);
			name = "[CP] Check Pods Manifest.lock";
			outputFileListPaths = (
			);
			outputPaths = (
				"$(DERIVED_FILE_DIR)/Pods-Determinant-DeterminantUITests-checkManifestLockResult.txt",
			);
			runOnlyForDeploymentPostprocessing = 0;
			shellPath = /bin/sh;
			shellScript = "diff \"${PODS_PODFILE_DIR_PATH}/Podfile.lock\" \"${PODS_ROOT}/Manifest.lock\" > /dev/null\nif [ $? != 0 ] ; then\n    # print error to STDERR\n    echo \"error: The sandbox is not in sync with the Podfile.lock. Run 'pod install' or update your CocoaPods installation.\" >&2\n    exit 1\nfi\n# This output is used by Xcode 'outputs' to avoid re-running this script phase.\necho \"SUCCESS\" > \"${SCRIPT_OUTPUT_FILE_0}\"\n";
			showEnvVarsInLog = 0;
		};
		607B5C914905A55EF9E3F52A /* [CP] Check Pods Manifest.lock */ = {
			isa = PBXShellScriptBuildPhase;
			buildActionMask = 2147483647;
			files = (
			);
			inputFileListPaths = (
			);
			inputPaths = (
				"${PODS_PODFILE_DIR_PATH}/Podfile.lock",
				"${PODS_ROOT}/Manifest.lock",
			);
			name = "[CP] Check Pods Manifest.lock";
			outputFileListPaths = (
			);
			outputPaths = (
				"$(DERIVED_FILE_DIR)/Pods-DeterminantTests-checkManifestLockResult.txt",
			);
			runOnlyForDeploymentPostprocessing = 0;
			shellPath = /bin/sh;
			shellScript = "diff \"${PODS_PODFILE_DIR_PATH}/Podfile.lock\" \"${PODS_ROOT}/Manifest.lock\" > /dev/null\nif [ $? != 0 ] ; then\n    # print error to STDERR\n    echo \"error: The sandbox is not in sync with the Podfile.lock. Run 'pod install' or update your CocoaPods installation.\" >&2\n    exit 1\nfi\n# This output is used by Xcode 'outputs' to avoid re-running this script phase.\necho \"SUCCESS\" > \"${SCRIPT_OUTPUT_FILE_0}\"\n";
			showEnvVarsInLog = 0;
		};
		E0FF76FE165C8885C61695F2 /* [CP] Embed Pods Frameworks */ = {
			isa = PBXShellScriptBuildPhase;
			buildActionMask = 2147483647;
			files = (
			);
			inputFileListPaths = (
				"${PODS_ROOT}/Target Support Files/Pods-Determinant-DeterminantUITests/Pods-Determinant-DeterminantUITests-frameworks-${CONFIGURATION}-input-files.xcfilelist",
			);
			inputPaths = (
			);
			name = "[CP] Embed Pods Frameworks";
			outputFileListPaths = (
				"${PODS_ROOT}/Target Support Files/Pods-Determinant-DeterminantUITests/Pods-Determinant-DeterminantUITests-frameworks-${CONFIGURATION}-output-files.xcfilelist",
			);
			outputPaths = (
			);
			runOnlyForDeploymentPostprocessing = 0;
			shellPath = /bin/sh;
			shellScript = "\"${PODS_ROOT}/Target Support Files/Pods-Determinant-DeterminantUITests/Pods-Determinant-DeterminantUITests-frameworks.sh\"\n";
			showEnvVarsInLog = 0;
		};
/* End PBXShellScriptBuildPhase section */

/* Begin PBXSourcesBuildPhase section */
		FA48EA2125ED628100BC2ED1 /* Sources */ = {
			isa = PBXSourcesBuildPhase;
			buildActionMask = 2147483647;
			files = (
				FA6965D8267CC57F009D32D5 /* CircleView.swift in Sources */,
				FAD32FA0267E071700837AD4 /* DeterminantTextField.swift in Sources */,
				FABE3022281D9C5700294F58 /* TabBarAssembler.swift in Sources */,
				FA4CF155282595C70061C5F2 /* UITableView+Extension.swift in Sources */,
				FA3CDBE228369F8F00AB98CE /* GameRouter.swift in Sources */,
				FA6965D0267CC4D4009D32D5 /* LogoImageView.swift in Sources */,
				FA14468F26ABEABB00EDC0B7 /* WelcomeView.swift in Sources */,
				FA179E4428154BF500546589 /* StackViewFactory.swift in Sources */,
				FA72ADFF25FE57890053FF21 /* UIImageView+Animation.swift in Sources */,
				FA17F6EA2607B5DC007BB51B /* ChooseSignScreenViewController.swift in Sources */,
				FA4CF16428259EAF0061C5F2 /* PhotoTableViewCell.swift in Sources */,
				FA7A89A025F54D6C002FD2F7 /* UIButton+Animation.swift in Sources */,
				FA3B792F281866B900A26BE5 /* SplashRouter.swift in Sources */,
				FA4CF15C282599ED0061C5F2 /* Preparable.swift in Sources */,
				FA4CF14F2825917E0061C5F2 /* InfoRouter.swift in Sources */,
				FA4CF15F28259CB00061C5F2 /* InfoModels.swift in Sources */,
				FA62B045282A924700342F18 /* ChooseSignRouter.swift in Sources */,
				FA5CB5CA25F0E80C00197F11 /* GameFieldView.swift in Sources */,
				FA3B66BD267DAFAF003BADA9 /* PlayerSignButton.swift in Sources */,
				FA5CB5CF25F0F28500197F11 /* GameScreenViewController.swift in Sources */,
				FA3CDBE028369F2A00AB98CE /* GameAssembly.swift in Sources */,
				FA01DED528202E5C007775AA /* WelcomePresenter.swift in Sources */,
				FA4CF157282597B40061C5F2 /* InfoTableAdapter.swift in Sources */,
				FA3CDBE428369FC800AB98CE /* GamePresenter.swift in Sources */,
				FA696620267CE42E009D32D5 /* PageTextView.swift in Sources */,
				FA3B66B0267D9F42003BADA9 /* TabBarViewController.swift in Sources */,
				FA01DED328202BD5007775AA /* WelcomeRouter.swift in Sources */,
				FA4CF16128259E510061C5F2 /* PreparableTableCell.swift in Sources */,
				FA3B7931281867AE00A26BE5 /* WelcomeAssembly.swift in Sources */,
				FA6965EE267CD584009D32D5 /* AppLabel.swift in Sources */,
				FA01DECD282021A7007775AA /* PageViewControllerRouter.swift in Sources */,
				FA753311282922B30086F163 /* ResultsModels.swift in Sources */,
				FAA653C6282C297A00860371 /* LoadableAlertController.swift in Sources */,
				FA7533132829233B0086F163 /* ResultsRouter.swift in Sources */,
				FA0DA806284225F500D1C6A0 /* GameFieldTableViewCell.swift in Sources */,
				FA5E8A8026AC56CA00203862 /* GameView.swift in Sources */,
				FA48EA3325ED628100BC2ED1 /* Mathematical_Determinant_App.xcdatamodeld in Sources */,
				FA4CF15A282598A30061C5F2 /* PreparableViewModel.swift in Sources */,
				FA2503332824370400789739 /* NavigationController.swift in Sources */,
				FA75330A28291F690086F163 /* ResultsView.swift in Sources */,
				FA6965C7267CC39B009D32D5 /* AppConstants.swift in Sources */,
				FA3B792D2818659300A26BE5 /* SplashAssembly.swift in Sources */,
				FA62B047282A932C00342F18 /* ChooseSignAssembly.swift in Sources */,
				FA48EA2925ED628100BC2ED1 /* AppDelegate.swift in Sources */,
				FABD96F12826376C00D15AC1 /* ButtonTableViewCell.swift in Sources */,
				FA6965DD267CC5DC009D32D5 /* StackView.swift in Sources */,
				FA75B0F72604DEA0007FC2E1 /* UIView+Extension.swift in Sources */,
				FA55A64728258D9100207123 /* InfoPresenter.swift in Sources */,
				FABD96F328263B3600D15AC1 /* Array+Extension.swift in Sources */,
				FA75330828291D540086F163 /* ResultsScreenViewController.swift in Sources */,
				FA72ADF125FE3BEC0053FF21 /* WelcomeScreenViewController.swift in Sources */,
				FA75331B282934410086F163 /* LabelFactory.swift in Sources */,
				FA3B66B8267DAEA9003BADA9 /* UILabel+Extension.swift in Sources */,
				FA4CF153282592A70061C5F2 /* InfoView.swift in Sources */,
				FA01DED1282025E2007775AA /* PageViewControllerAssembly.swift in Sources */,
				FAAB86E62825AF6200D4BFE5 /* TextTableViewCell.swift in Sources */,
				FAF8F2AF26205A800085776E /* SplashViewController.swift in Sources */,
				FA3B66C5267DC0EA003BADA9 /* UIFont+Extension.swift in Sources */,
				FA75331928292D3F0086F163 /* Date+Extension.swift in Sources */,
				FA75330C282920360086F163 /* ResultsTableAdapter.swift in Sources */,
				FA753315282923F10086F163 /* ResultsAssembly.swift in Sources */,
				FA4CF151282591E30061C5F2 /* InfoAssembly.swift in Sources */,
				FA55A64528258C6300207123 /* InfoScreenViewController.swift in Sources */,
				FA3B7933281868CA00A26BE5 /* SplashPresenter.swift in Sources */,
				FA2503302824342B00789739 /* EmptyView.swift in Sources */,
				FA386A59282108A80096B0C5 /* PageViewController.swift in Sources */,
				FA01DECF28202373007775AA /* PageViewControllerPresenter.swift in Sources */,
				FA1446B326AC029C00EDC0B7 /* ChooseSignView.swift in Sources */,
				FA020B74281EC6D700048370 /* String+Extension.swift in Sources */,
				FA14467C26ABE3B700EDC0B7 /* SplashView.swift in Sources */,
				FA753317282924BC0086F163 /* ResultsTableViewCell.swift in Sources */,
				FA0DA80128420DE300D1C6A0 /* GameTableAdapter.swift in Sources */,
				FA7A899A25F528C9002FD2F7 /* NumpadView.swift in Sources */,
				FA6965E9267CD10D009D32D5 /* AppButton.swift in Sources */,
				FA69662D267CE6D8009D32D5 /* UIViewController+Extension.swift in Sources */,
				FA62B043282A916900342F18 /* ChooseSignPresenter.swift in Sources */,
				FA48EA2B25ED628100BC2ED1 /* SceneDelegate.swift in Sources */,
				FA386A57282107E80096B0C5 /* PageContentViewController.swift in Sources */,
				FA75330E2829221A0086F163 /* ResultsPresenter.swift in Sources */,
			);
			runOnlyForDeploymentPostprocessing = 0;
		};
		FA48EA3A25ED628400BC2ED1 /* Sources */ = {
			isa = PBXSourcesBuildPhase;
			buildActionMask = 2147483647;
			files = (
				FA48EA4325ED628400BC2ED1 /* Mathematical_Determinant_AppTests.swift in Sources */,
			);
			runOnlyForDeploymentPostprocessing = 0;
		};
		FA48EA4525ED628400BC2ED1 /* Sources */ = {
			isa = PBXSourcesBuildPhase;
			buildActionMask = 2147483647;
			files = (
				FA48EA4E25ED628400BC2ED1 /* Mathematical_Determinant_AppUITests.swift in Sources */,
			);
			runOnlyForDeploymentPostprocessing = 0;
		};
/* End PBXSourcesBuildPhase section */

/* Begin PBXTargetDependency section */
		FA48EA4025ED628400BC2ED1 /* PBXTargetDependency */ = {
			isa = PBXTargetDependency;
			target = FA48EA2425ED628100BC2ED1 /* Determinant */;
			targetProxy = FA48EA3F25ED628400BC2ED1 /* PBXContainerItemProxy */;
		};
		FA48EA4B25ED628400BC2ED1 /* PBXTargetDependency */ = {
			isa = PBXTargetDependency;
			target = FA48EA2425ED628100BC2ED1 /* Determinant */;
			targetProxy = FA48EA4A25ED628400BC2ED1 /* PBXContainerItemProxy */;
		};
/* End PBXTargetDependency section */

/* Begin PBXVariantGroup section */
		FA48EA3625ED628400BC2ED1 /* LaunchScreen.storyboard */ = {
			isa = PBXVariantGroup;
			children = (
				FA48EA3725ED628400BC2ED1 /* Base */,
			);
			name = LaunchScreen.storyboard;
			sourceTree = "<group>";
		};
		FA7A96732620AE22008813F2 /* Localizable.strings */ = {
			isa = PBXVariantGroup;
			children = (
				FA7A96742620AE22008813F2 /* ru */,
				FA1454992827EC8400A54D98 /* en */,
			);
			name = Localizable.strings;
			sourceTree = "<group>";
		};
/* End PBXVariantGroup section */

/* Begin XCBuildConfiguration section */
		FA48EA5025ED628400BC2ED1 /* Debug */ = {
			isa = XCBuildConfiguration;
			buildSettings = {
				ALWAYS_SEARCH_USER_PATHS = NO;
				CLANG_ANALYZER_LOCALIZABILITY_NONLOCALIZED = YES;
				CLANG_ANALYZER_NONNULL = YES;
				CLANG_ANALYZER_NUMBER_OBJECT_CONVERSION = YES_AGGRESSIVE;
				CLANG_CXX_LANGUAGE_STANDARD = "gnu++14";
				CLANG_CXX_LIBRARY = "libc++";
				CLANG_ENABLE_MODULES = YES;
				CLANG_ENABLE_OBJC_ARC = YES;
				CLANG_ENABLE_OBJC_WEAK = YES;
				CLANG_WARN_BLOCK_CAPTURE_AUTORELEASING = YES;
				CLANG_WARN_BOOL_CONVERSION = YES;
				CLANG_WARN_COMMA = YES;
				CLANG_WARN_CONSTANT_CONVERSION = YES;
				CLANG_WARN_DEPRECATED_OBJC_IMPLEMENTATIONS = YES;
				CLANG_WARN_DIRECT_OBJC_ISA_USAGE = YES_ERROR;
				CLANG_WARN_DOCUMENTATION_COMMENTS = YES;
				CLANG_WARN_EMPTY_BODY = YES;
				CLANG_WARN_ENUM_CONVERSION = YES;
				CLANG_WARN_INFINITE_RECURSION = YES;
				CLANG_WARN_INT_CONVERSION = YES;
				CLANG_WARN_NON_LITERAL_NULL_CONVERSION = YES;
				CLANG_WARN_OBJC_IMPLICIT_RETAIN_SELF = YES;
				CLANG_WARN_OBJC_LITERAL_CONVERSION = YES;
				CLANG_WARN_OBJC_ROOT_CLASS = YES_ERROR;
				CLANG_WARN_QUOTED_INCLUDE_IN_FRAMEWORK_HEADER = YES;
				CLANG_WARN_RANGE_LOOP_ANALYSIS = YES;
				CLANG_WARN_STRICT_PROTOTYPES = YES;
				CLANG_WARN_SUSPICIOUS_MOVE = YES;
				CLANG_WARN_UNGUARDED_AVAILABILITY = YES_AGGRESSIVE;
				CLANG_WARN_UNREACHABLE_CODE = YES;
				CLANG_WARN__DUPLICATE_METHOD_MATCH = YES;
				COPY_PHASE_STRIP = NO;
				DEBUG_INFORMATION_FORMAT = dwarf;
				ENABLE_STRICT_OBJC_MSGSEND = YES;
				ENABLE_TESTABILITY = YES;
				GCC_C_LANGUAGE_STANDARD = gnu11;
				GCC_DYNAMIC_NO_PIC = NO;
				GCC_NO_COMMON_BLOCKS = YES;
				GCC_OPTIMIZATION_LEVEL = 0;
				GCC_PREPROCESSOR_DEFINITIONS = (
					"DEBUG=1",
					"$(inherited)",
				);
				GCC_WARN_64_TO_32_BIT_CONVERSION = YES;
				GCC_WARN_ABOUT_RETURN_TYPE = YES_ERROR;
				GCC_WARN_UNDECLARED_SELECTOR = YES;
				GCC_WARN_UNINITIALIZED_AUTOS = YES_AGGRESSIVE;
				GCC_WARN_UNUSED_FUNCTION = YES;
				GCC_WARN_UNUSED_VARIABLE = YES;
				IPHONEOS_DEPLOYMENT_TARGET = 14.3;
				MTL_ENABLE_DEBUG_INFO = INCLUDE_SOURCE;
				MTL_FAST_MATH = YES;
				ONLY_ACTIVE_ARCH = YES;
				SDKROOT = iphoneos;
				SWIFT_ACTIVE_COMPILATION_CONDITIONS = DEBUG;
				SWIFT_OPTIMIZATION_LEVEL = "-Onone";
			};
			name = Debug;
		};
		FA48EA5125ED628400BC2ED1 /* Release */ = {
			isa = XCBuildConfiguration;
			buildSettings = {
				ALWAYS_SEARCH_USER_PATHS = NO;
				CLANG_ANALYZER_LOCALIZABILITY_NONLOCALIZED = YES;
				CLANG_ANALYZER_NONNULL = YES;
				CLANG_ANALYZER_NUMBER_OBJECT_CONVERSION = YES_AGGRESSIVE;
				CLANG_CXX_LANGUAGE_STANDARD = "gnu++14";
				CLANG_CXX_LIBRARY = "libc++";
				CLANG_ENABLE_MODULES = YES;
				CLANG_ENABLE_OBJC_ARC = YES;
				CLANG_ENABLE_OBJC_WEAK = YES;
				CLANG_WARN_BLOCK_CAPTURE_AUTORELEASING = YES;
				CLANG_WARN_BOOL_CONVERSION = YES;
				CLANG_WARN_COMMA = YES;
				CLANG_WARN_CONSTANT_CONVERSION = YES;
				CLANG_WARN_DEPRECATED_OBJC_IMPLEMENTATIONS = YES;
				CLANG_WARN_DIRECT_OBJC_ISA_USAGE = YES_ERROR;
				CLANG_WARN_DOCUMENTATION_COMMENTS = YES;
				CLANG_WARN_EMPTY_BODY = YES;
				CLANG_WARN_ENUM_CONVERSION = YES;
				CLANG_WARN_INFINITE_RECURSION = YES;
				CLANG_WARN_INT_CONVERSION = YES;
				CLANG_WARN_NON_LITERAL_NULL_CONVERSION = YES;
				CLANG_WARN_OBJC_IMPLICIT_RETAIN_SELF = YES;
				CLANG_WARN_OBJC_LITERAL_CONVERSION = YES;
				CLANG_WARN_OBJC_ROOT_CLASS = YES_ERROR;
				CLANG_WARN_QUOTED_INCLUDE_IN_FRAMEWORK_HEADER = YES;
				CLANG_WARN_RANGE_LOOP_ANALYSIS = YES;
				CLANG_WARN_STRICT_PROTOTYPES = YES;
				CLANG_WARN_SUSPICIOUS_MOVE = YES;
				CLANG_WARN_UNGUARDED_AVAILABILITY = YES_AGGRESSIVE;
				CLANG_WARN_UNREACHABLE_CODE = YES;
				CLANG_WARN__DUPLICATE_METHOD_MATCH = YES;
				COPY_PHASE_STRIP = NO;
				DEBUG_INFORMATION_FORMAT = "dwarf-with-dsym";
				ENABLE_NS_ASSERTIONS = NO;
				ENABLE_STRICT_OBJC_MSGSEND = YES;
				GCC_C_LANGUAGE_STANDARD = gnu11;
				GCC_NO_COMMON_BLOCKS = YES;
				GCC_WARN_64_TO_32_BIT_CONVERSION = YES;
				GCC_WARN_ABOUT_RETURN_TYPE = YES_ERROR;
				GCC_WARN_UNDECLARED_SELECTOR = YES;
				GCC_WARN_UNINITIALIZED_AUTOS = YES_AGGRESSIVE;
				GCC_WARN_UNUSED_FUNCTION = YES;
				GCC_WARN_UNUSED_VARIABLE = YES;
				IPHONEOS_DEPLOYMENT_TARGET = 14.3;
				MTL_ENABLE_DEBUG_INFO = NO;
				MTL_FAST_MATH = YES;
				SDKROOT = iphoneos;
				SWIFT_COMPILATION_MODE = wholemodule;
				SWIFT_OPTIMIZATION_LEVEL = "-O";
				VALIDATE_PRODUCT = YES;
			};
			name = Release;
		};
		FA48EA5325ED628400BC2ED1 /* Debug */ = {
			isa = XCBuildConfiguration;
			buildSettings = {
				ASSETCATALOG_COMPILER_APPICON_NAME = AppIcon;
				ASSETCATALOG_COMPILER_GLOBAL_ACCENT_COLOR_NAME = AccentColor;
				CODE_SIGN_STYLE = Automatic;
				CURRENT_PROJECT_VERSION = 1;
				DEVELOPMENT_TEAM = UVY4772NMU;
				INFOPLIST_FILE = "Determinant/Supporting Files/Info.plist";
				INFOPLIST_KEY_CFBundleDisplayName = Determinant;
				INFOPLIST_KEY_LSApplicationCategoryType = "public.app-category.education";
				IPHONEOS_DEPLOYMENT_TARGET = 15.6;
				LD_RUNPATH_SEARCH_PATHS = (
					"$(inherited)",
					"@executable_path/Frameworks",
				);
				MARKETING_VERSION = 1.0.0;
				PRODUCT_BUNDLE_IDENTIFIER = "Nikolai.Borisov.Mathematical-Determinant-App";
				PRODUCT_NAME = "$(TARGET_NAME)";
				SUPPORTED_PLATFORMS = "iphoneos iphonesimulator";
				SUPPORTS_MACCATALYST = NO;
				SUPPORTS_MAC_DESIGNED_FOR_IPHONE_IPAD = NO;
				SUPPORTS_XR_DESIGNED_FOR_IPHONE_IPAD = NO;
				SWIFT_VERSION = 5.0;
				TARGETED_DEVICE_FAMILY = "1,2";
			};
			name = Debug;
		};
		FA48EA5425ED628400BC2ED1 /* Release */ = {
			isa = XCBuildConfiguration;
			buildSettings = {
				ASSETCATALOG_COMPILER_APPICON_NAME = AppIcon;
				ASSETCATALOG_COMPILER_GLOBAL_ACCENT_COLOR_NAME = AccentColor;
				CODE_SIGN_STYLE = Automatic;
				CURRENT_PROJECT_VERSION = 1;
				DEVELOPMENT_TEAM = UVY4772NMU;
				INFOPLIST_FILE = "Determinant/Supporting Files/Info.plist";
				INFOPLIST_KEY_CFBundleDisplayName = Determinant;
				INFOPLIST_KEY_LSApplicationCategoryType = "public.app-category.education";
				IPHONEOS_DEPLOYMENT_TARGET = 15.6;
				LD_RUNPATH_SEARCH_PATHS = (
					"$(inherited)",
					"@executable_path/Frameworks",
				);
				MARKETING_VERSION = 1.0.0;
				PRODUCT_BUNDLE_IDENTIFIER = "Nikolai.Borisov.Mathematical-Determinant-App";
				PRODUCT_NAME = "$(TARGET_NAME)";
				SUPPORTED_PLATFORMS = "iphoneos iphonesimulator";
				SUPPORTS_MACCATALYST = NO;
				SUPPORTS_MAC_DESIGNED_FOR_IPHONE_IPAD = NO;
				SUPPORTS_XR_DESIGNED_FOR_IPHONE_IPAD = NO;
				SWIFT_VERSION = 5.0;
				TARGETED_DEVICE_FAMILY = "1,2";
			};
			name = Release;
		};
		FA48EA5625ED628400BC2ED1 /* Debug */ = {
			isa = XCBuildConfiguration;
			buildSettings = {
				ALWAYS_EMBED_SWIFT_STANDARD_LIBRARIES = YES;
				BUNDLE_LOADER = "$(TEST_HOST)";
				CODE_SIGN_STYLE = Automatic;
				DEVELOPMENT_TEAM = UVY4772NMU;
				INFOPLIST_FILE = "Mathematical Determinant AppTests/Info.plist";
				IPHONEOS_DEPLOYMENT_TARGET = 14.3;
				LD_RUNPATH_SEARCH_PATHS = (
					"$(inherited)",
					"@executable_path/Frameworks",
					"@loader_path/Frameworks",
				);
				PRODUCT_BUNDLE_IDENTIFIER = "Nikolai.Borisov.Mathematical-Determinant-AppTests";
				PRODUCT_NAME = "$(TARGET_NAME)";
				SWIFT_VERSION = 5.0;
				TARGETED_DEVICE_FAMILY = "1,2";
				TEST_HOST = "$(BUILT_PRODUCTS_DIR)/Determinant.app/Determinant";
			};
			name = Debug;
		};
		FA48EA5725ED628400BC2ED1 /* Release */ = {
			isa = XCBuildConfiguration;
			buildSettings = {
				ALWAYS_EMBED_SWIFT_STANDARD_LIBRARIES = YES;
				BUNDLE_LOADER = "$(TEST_HOST)";
				CODE_SIGN_STYLE = Automatic;
				DEVELOPMENT_TEAM = UVY4772NMU;
				INFOPLIST_FILE = "Mathematical Determinant AppTests/Info.plist";
				IPHONEOS_DEPLOYMENT_TARGET = 14.3;
				LD_RUNPATH_SEARCH_PATHS = (
					"$(inherited)",
					"@executable_path/Frameworks",
					"@loader_path/Frameworks",
				);
				PRODUCT_BUNDLE_IDENTIFIER = "Nikolai.Borisov.Mathematical-Determinant-AppTests";
				PRODUCT_NAME = "$(TARGET_NAME)";
				SWIFT_VERSION = 5.0;
				TARGETED_DEVICE_FAMILY = "1,2";
				TEST_HOST = "$(BUILT_PRODUCTS_DIR)/Determinant.app/Determinant";
			};
			name = Release;
		};
		FA48EA5925ED628400BC2ED1 /* Debug */ = {
			isa = XCBuildConfiguration;
			buildSettings = {
				ALWAYS_EMBED_SWIFT_STANDARD_LIBRARIES = YES;
				CODE_SIGN_STYLE = Automatic;
				DEVELOPMENT_TEAM = UVY4772NMU;
				INFOPLIST_FILE = "Mathematical Determinant AppUITests/Info.plist";
				LD_RUNPATH_SEARCH_PATHS = (
					"$(inherited)",
					"@executable_path/Frameworks",
					"@loader_path/Frameworks",
				);
				PRODUCT_BUNDLE_IDENTIFIER = "Nikolai.Borisov.Mathematical-Determinant-AppUITests";
				PRODUCT_NAME = "$(TARGET_NAME)";
				SWIFT_VERSION = 5.0;
				TARGETED_DEVICE_FAMILY = "1,2";
				TEST_TARGET_NAME = "Mathematical Determinant App";
			};
			name = Debug;
		};
		FA48EA5A25ED628400BC2ED1 /* Release */ = {
			isa = XCBuildConfiguration;
			buildSettings = {
				ALWAYS_EMBED_SWIFT_STANDARD_LIBRARIES = YES;
				CODE_SIGN_STYLE = Automatic;
				DEVELOPMENT_TEAM = UVY4772NMU;
				INFOPLIST_FILE = "Mathematical Determinant AppUITests/Info.plist";
				LD_RUNPATH_SEARCH_PATHS = (
					"$(inherited)",
					"@executable_path/Frameworks",
					"@loader_path/Frameworks",
				);
				PRODUCT_BUNDLE_IDENTIFIER = "Nikolai.Borisov.Mathematical-Determinant-AppUITests";
				PRODUCT_NAME = "$(TARGET_NAME)";
				SWIFT_VERSION = 5.0;
				TARGETED_DEVICE_FAMILY = "1,2";
				TEST_TARGET_NAME = "Mathematical Determinant App";
			};
			name = Release;
		};
/* End XCBuildConfiguration section */

/* Begin XCConfigurationList section */
		FA48EA2025ED628100BC2ED1 /* Build configuration list for PBXProject "Determinant" */ = {
			isa = XCConfigurationList;
			buildConfigurations = (
				FA48EA5025ED628400BC2ED1 /* Debug */,
				FA48EA5125ED628400BC2ED1 /* Release */,
			);
			defaultConfigurationIsVisible = 0;
			defaultConfigurationName = Release;
		};
		FA48EA5225ED628400BC2ED1 /* Build configuration list for PBXNativeTarget "Determinant" */ = {
			isa = XCConfigurationList;
			buildConfigurations = (
				FA48EA5325ED628400BC2ED1 /* Debug */,
				FA48EA5425ED628400BC2ED1 /* Release */,
			);
			defaultConfigurationIsVisible = 0;
			defaultConfigurationName = Release;
		};
		FA48EA5525ED628400BC2ED1 /* Build configuration list for PBXNativeTarget "DeterminantTests" */ = {
			isa = XCConfigurationList;
			buildConfigurations = (
				FA48EA5625ED628400BC2ED1 /* Debug */,
				FA48EA5725ED628400BC2ED1 /* Release */,
			);
			defaultConfigurationIsVisible = 0;
			defaultConfigurationName = Release;
		};
		FA48EA5825ED628400BC2ED1 /* Build configuration list for PBXNativeTarget "DeterminantUITests" */ = {
			isa = XCConfigurationList;
			buildConfigurations = (
				FA48EA5925ED628400BC2ED1 /* Debug */,
				FA48EA5A25ED628400BC2ED1 /* Release */,
			);
			defaultConfigurationIsVisible = 0;
			defaultConfigurationName = Release;
		};
/* End XCConfigurationList section */

/* Begin XCRemoteSwiftPackageReference section */
		FAB1F9B42F77C517004D729A /* XCRemoteSwiftPackageReference "SnapKit" */ = {
			isa = XCRemoteSwiftPackageReference;
			repositoryURL = "https://github.com/SnapKit/SnapKit.git";
			requirement = {
				kind = upToNextMajorVersion;
				minimumVersion = 5.7.1;
			};
		};
/* End XCRemoteSwiftPackageReference section */

/* Begin XCSwiftPackageProductDependency section */
		FAB1F9B52F77C517004D729A /* SnapKit */ = {
			isa = XCSwiftPackageProductDependency;
			package = FAB1F9B42F77C517004D729A /* XCRemoteSwiftPackageReference "SnapKit" */;
			productName = SnapKit;
		};
/* End XCSwiftPackageProductDependency section */

/* Begin XCVersionGroup section */
		FA48EA3125ED628100BC2ED1 /* Mathematical_Determinant_App.xcdatamodeld */ = {
			isa = XCVersionGroup;
			children = (
				FA48EA3225ED628100BC2ED1 /* Mathematical_Determinant_App.xcdatamodel */,
			);
			currentVersion = FA48EA3225ED628100BC2ED1 /* Mathematical_Determinant_App.xcdatamodel */;
			path = Mathematical_Determinant_App.xcdatamodeld;
			sourceTree = "<group>";
			versionGroupType = wrapper.xcdatamodel;
		};
/* End XCVersionGroup section */
	};
	rootObject = FA48EA1D25ED628100BC2ED1 /* Project object */;
}
